
Microsoft Visual Studio Solution File, Format Version 12.00
# Visual Studio 15
VisualStudioVersion = 15.0.28010.2050
MinimumVisualStudioVersion = 10.0.40219.1
Project("{FAE04EC0-301F-11D3-BF4B-00C04F79EFBC}") = "ZebraPrinter.WPF", "ZebraPrinter.WPF\ZebraPrinter.WPF.csproj", "{146BFCE2-C5F1-44CB-9766-44AAD6E0D2A9}"
EndProject
Global
	GlobalSection(SolutionConfigurationPlatforms) = preSolution
		Debug|Any CPU = Debug|Any CPU
		Release|Any CPU = Release|Any CPU
	EndGlobalSection
	GlobalSection(ProjectConfigurationPlatforms) = postSolution
		{146BFCE2-C5F1-44CB-9766-44AAD6E0D2A9}.Debug|Any CPU.ActiveCfg = Debug|Any CPU
		{146BFCE2-C5F1-44CB-9766-44AAD6E0D2A9}.Debug|Any CPU.Build.0 = Debug|Any CPU
		{146BFCE2-C5F1-44CB-9766-44AAD6E0D2A9}.Release|Any CPU.ActiveCfg = Release|Any CPU
		{146BFCE2-C5F1-44CB-9766-44AAD6E0D2A9}.Release|Any CPU.Build.0 = Release|Any CPU
	EndGlobalSection
	GlobalSection(SolutionProperties) = preSolution
		HideSolutionNode = FALSE
	EndGlobalSection
	GlobalSection(ExtensibilityGlobals) = postSolution
		SolutionGuid = {C4477B02-B46D-4F13-9689-44F77D9F860B}
	EndGlobalSection
EndGlobal
